{
  "name": "dogehouse",
  "lockfileVersion": 2,
  "requires": true,
  "packages": {
    "": {
      "devDependencies": {
        "husky": "^5.1.3"
      }
    },
    "node_modules/husky": {
      "version": "5.1.3",
      "resolved": "https://registry.npmjs.org/husky/-/husky-5.1.3.tgz",
      "integrity": "sha512-fbNJ+Gz5wx2LIBtMweJNY1D7Uc8p1XERi5KNRMccwfQA+rXlxWNSdUxswo0gT8XqxywTIw7Ywm/F4v/O35RdMg==",
      "dev": true,
      "funding": [
        {
          "type": "github",
          "url": "https://github.com/sponsors/typicode"
        },
        {
          "type": "opencollective",
          "url": "https://opencollective.com/husky"
        }
      ],
      "bin": {
        "husky": "lib/bin.js"
      },
      "engines": {
        "node": ">= 10"
      }
    }
  },
  "dependencies": {
    "husky": {
      "version": "5.1.3",
      "resolved": "https://registry.npmjs.org/husky/-/husky-5.1.3.tgz",
      "integrity": "sha512-fbNJ+Gz5wx2LIBtMweJNY1D7Uc8p1XERi5KNRMccwfQA+rXlxWNSdUxswo0gT8XqxywTIw7Ywm/F4v/O35RdMg==",
      "dev": true
    }
  }
}
