{
  "requires": true,
  "lockfileVersion": 1,
  "dependencies": {
    "split-on-first": {
      "version": "2.0.1",
      "resolved": "https://registry.npmjs.org/split-on-first/-/split-on-first-2.0.1.tgz",
      "integrity": "sha512-QYVfBX7wnUpBsc1DZ1sPrYnBHvrtJRYyKnsdvHYf+euflmVeBTth2/yjt9f1VIG5WLzNj4IBrL3on5iMrycLQg=="
    }
  }
}
