%{
  "bimap": {:hex, :bimap, "1.1.1", "783a5f31423ffd608040985de1fc9bc17bd73c813fe79f3b3576ff574ad81d1c", [:mix], [], "hexpm", "861b630d470934ad4c5063ed795f865409473c41d80d9b897ae07f11049045ab"},
  "bunch": {:hex, :bunch, "1.3.0", "51b4423088b7fb9e21eae6d6bc5e5d219d955ea5556fbd6130bfb6213df4be32", [:mix], [], "hexpm", "9ad233a2bacc0dae8aa6553a9b9057f27446443b1c5903c3479b6f9f3820ce2d"},
  "bunch_native": {:hex, :bunch_native, "0.3.0", "a292baf340608d07bf2f2bbc7928a29648c15c90192e8f4c50b77ea16366d61c", [:mix], [{:bundlex, "~> 0.4.0", [hex: :bundlex, repo: "hexpm", optional: false]}], "hexpm", "8a3b4b4bc6de06f863469f6f06a0a37026bd87b0dcaa2dba688ea9da9b18b4c1"},
  "bundlex": {:hex, :bundlex, "0.4.1", "4bf149099cb6d12e8ec62601c66086442a427ff18eb6cd5fd6350451646d5db0", [:mix], [{:bunch, "~> 1.0", [hex: :bunch, repo: "hexpm", optional: false]}, {:qex, "~> 0.5", [hex: :qex, repo: "hexpm", optional: false]}, {:secure_random, "~> 0.5", [hex: :secure_random, repo: "hexpm", optional: false]}], "hexpm", "8779fe382555046edfc4efefc10a26867e3da9d5010f1b590a61dec210eedc32"},
  "certifi": {:hex, :certifi, "2.6.1", "dbab8e5e155a0763eea978c913ca280a6b544bfa115633fa20249c3d396d9493", [:rebar3], [], "hexpm", "524c97b4991b3849dd5c17a631223896272c6b0af446778ba4675a1dff53bb7e"},
  "coerce": {:hex, :coerce, "1.0.1", "211c27386315dc2894ac11bc1f413a0e38505d808153367bd5c6e75a4003d096", [:mix], [], "hexpm", "b44a691700f7a1a15b4b7e2ff1fa30bebd669929ac8aa43cffe9e2f8bf051cf1"},
  "ex_libsrtp": {:hex, :ex_libsrtp, "0.1.0", "00f91d7a45d5c10664c552a189005d1efc0b7908af9aac6ea2cd0ce9657a94ec", [:mix], [{:bunch, "~> 1.3", [hex: :bunch, repo: "hexpm", optional: false]}, {:unifex, "~> 0.3", [hex: :unifex, repo: "hexpm", optional: false]}], "hexpm", "0495442fab9ee106aed9bf1b659f72aa6048a78455942ac472a7a607704b0b02"},
  "hackney": {:hex, :hackney, "1.17.4", "99da4674592504d3fb0cfef0db84c3ba02b4508bae2dff8c0108baa0d6e0977c", [:rebar3], [{:certifi, "~>2.6.1", [hex: :certifi, repo: "hexpm", optional: false]}, {:idna, "~>6.1.0", [hex: :idna, repo: "hexpm", optional: false]}, {:metrics, "~>1.0.0", [hex: :metrics, repo: "hexpm", optional: false]}, {:mimerl, "~>1.1", [hex: :mimerl, repo: "hexpm", optional: false]}, {:parse_trans, "3.3.1", [hex: :parse_trans, repo: "hexpm", optional: false]}, {:ssl_verify_fun, "~>1.1.0", [hex: :ssl_verify_fun, repo: "hexpm", optional: false]}, {:unicode_util_compat, "~>0.7.0", [hex: :unicode_util_compat, repo: "hexpm", optional: false]}], "hexpm", "de16ff4996556c8548d512f4dbe22dd58a587bf3332e7fd362430a7ef3986b16"},
  "heap": {:hex, :heap, "2.0.2", "d98cb178286cfeb5edbcf17785e2d20af73ca57b5a2cf4af584118afbcf917eb", [:mix], [], "hexpm", "ba9ea2fe99eb4bcbd9a8a28eaf71cbcac449ca1d8e71731596aace9028c9d429"},
  "idna": {:hex, :idna, "6.1.1", "8a63070e9f7d0c62eb9d9fcb360a7de382448200fbbd1b106cc96d3d8099df8d", [:rebar3], [{:unicode_util_compat, "~>0.7.0", [hex: :unicode_util_compat, repo: "hexpm", optional: false]}], "hexpm", "92376eb7894412ed19ac475e4a86f7b413c1b9fbb5bd16dccd57934157944cea"},
  "membrane_caps_audio_mpeg": {:hex, :membrane_caps_audio_mpeg, "0.2.0", "9cf9a63f03e25b31cf31445325aa68e60a07d36ee1e759caa1422fa45df49367", [:mix], [], "hexpm", "f7a80e4841d46164c148be880932ac7425329f4bcc32eb36ad2e47eafe5f23e4"},
  "membrane_caps_audio_raw": {:hex, :membrane_caps_audio_raw, "0.3.0", "9545f05fed89e139327ca82eb02ea1ada143d95b1ecd1ce2e0000faf8f3fa194", [:mix], [{:bimap, "~> 1.0", [hex: :bimap, repo: "hexpm", optional: false]}, {:bunch, "~> 1.0", [hex: :bunch, repo: "hexpm", optional: false]}, {:membrane_core, "~> 0.6.0", [hex: :membrane_core, repo: "hexpm", optional: false]}], "hexpm", "2a7eb10bd3a33b6d9532c8516b838927c300de766d901f2e63693b813fb38762"},
  "membrane_caps_video_h264": {:hex, :membrane_caps_video_h264, "0.2.0", "ecfe3a83b5e349b6ca56980c543cf3bf2275ccfb7769126fe62798f08fd7a2fe", [:mix], [], "hexpm", "36e447b8fd42cd4ad79bfa4dbf2e7f2ff3a9030c0ffa85ba951d21868a36376b"},
  "membrane_caps_video_raw": {:hex, :membrane_caps_video_raw, "0.1.0", "6aa751b0c338ea6672540b7ec7ad2be0d23bad931b8a8776757da9b279070a3b", [:mix], [], "hexpm", "3f60d65189bd9e3b0ab77e0ebf2e0c1b04d0fd6f67c546fc1d54d9958c362ce4"},
  "membrane_common_c": {:hex, :membrane_common_c, "0.5.0", "71ded0f230e89099a7f7091127f8b9ed82dc41456255956cbb71bf14931c828a", [:mix], [{:membrane_core, "~> 0.6.0", [hex: :membrane_core, repo: "hexpm", optional: false]}, {:shmex, "~> 0.3.0", [hex: :shmex, repo: "hexpm", optional: false]}, {:unifex, "~> 0.3.0", [hex: :unifex, repo: "hexpm", optional: false]}], "hexpm", "58716110c2006c0fc37d22046e945081db573622cddc4241bb4570f5bfbdc125"},
  "membrane_core": {:hex, :membrane_core, "0.6.1", "7c0396564ec1ac3533c253cd2410c87716cff24dee8acb8065dcf1f78b4b1785", [:mix], [{:bunch, "~> 1.3", [hex: :bunch, repo: "hexpm", optional: false]}, {:qex, "~> 0.3", [hex: :qex, repo: "hexpm", optional: false]}, {:ratio, "~> 2.0", [hex: :ratio, repo: "hexpm", optional: false]}, {:telemetry, "~> 0.4", [hex: :telemetry, repo: "hexpm", optional: false]}], "hexpm", "7f74eca2b1b5247e4e3869066117a586799a4d3d77516803956a4104b9b8ee56"},
  "membrane_element_udp": {:hex, :membrane_element_udp, "0.4.0", "3f964b16a8250242336a98a7227bb2e5f0ba306cd028bd939d9c6c4a0fa91fac", [:mix], [{:membrane_core, "~> 0.6.0", [hex: :membrane_core, repo: "hexpm", optional: false]}, {:membrane_remote_stream_format, "~> 0.1.0", [hex: :membrane_remote_stream_format, repo: "hexpm", optional: false]}, {:mockery, "~> 2.3.0", [hex: :mockery, repo: "hexpm", optional: false]}], "hexpm", "22466cbace4fca698a53aba4de518d06f9c6c44b7e3a41438eb5ab9c66ee4183"},
  "membrane_ffmpeg_swresample_plugin": {:hex, :membrane_ffmpeg_swresample_plugin, "0.5.0", "54d75f823de7bace0054a3c0b40b3b16fd939f3319e67810cfe24202556c03f0", [:mix], [{:bunch, "~> 1.3.0", [hex: :bunch, repo: "hexpm", optional: false]}, {:bundlex, "~> 0.4.0", [hex: :bundlex, repo: "hexpm", optional: false]}, {:membrane_caps_audio_raw, "~> 0.3.0", [hex: :membrane_caps_audio_raw, repo: "hexpm", optional: false]}, {:membrane_common_c, "~> 0.5.0", [hex: :membrane_common_c, repo: "hexpm", optional: false]}, {:membrane_core, "~> 0.6.0", [hex: :membrane_core, repo: "hexpm", optional: false]}, {:mockery, "~> 2.1", [hex: :mockery, repo: "hexpm", optional: false]}, {:unifex, "~> 0.3.2", [hex: :unifex, repo: "hexpm", optional: false]}], "hexpm", "c7240eb21aaa2d95fec08ef836bf81b0a4858655fdc095e5fb1b084549955463"},
  "membrane_h264_ffmpeg_plugin": {:hex, :membrane_h264_ffmpeg_plugin, "0.7.0", "260c12ddaa8c8fa5ff6e958739ce06b3ce36f471cd0a2af996f095125fde1a01", [:mix], [{:bunch, "~> 1.2", [hex: :bunch, repo: "hexpm", optional: false]}, {:membrane_caps_video_h264, "~> 0.2.0", [hex: :membrane_caps_video_h264, repo: "hexpm", optional: false]}, {:membrane_caps_video_raw, "~> 0.1.0", [hex: :membrane_caps_video_raw, repo: "hexpm", optional: false]}, {:membrane_common_c, "~> 0.5.0", [hex: :membrane_common_c, repo: "hexpm", optional: false]}, {:membrane_core, "~> 0.6.0", [hex: :membrane_core, repo: "hexpm", optional: false]}, {:unifex, "~> 0.3.0", [hex: :unifex, repo: "hexpm", optional: false]}], "hexpm", "6b307ea41d1160c4ed987e86e75a723cd3761d271ab3db21faa29275eb610c96"},
  "membrane_hackney_plugin": {:hex, :membrane_hackney_plugin, "0.4.0", "df9e10206d3099aa0009cd21cb3f7c75503ee2612423f159e5428c710d00c6fd", [:mix], [{:hackney, "~> 1.16", [hex: :hackney, repo: "hexpm", optional: false]}, {:membrane_core, "~> 0.6.0", [hex: :membrane_core, repo: "hexpm", optional: false]}, {:mockery, "~> 2.3", [hex: :mockery, repo: "hexpm", optional: false]}], "hexpm", "511de96afd6d7d88a208afd603b0221f4542a2ccc6936e0b1093987e31329441"},
  "membrane_mp3_mad_plugin": {:hex, :membrane_mp3_mad_plugin, "0.5.0", "8907708311edc1504a78e3d12e327cf31a45771601973883eccd10e0830bf763", [:mix], [{:membrane_caps_audio_mpeg, "~> 0.2.0", [hex: :membrane_caps_audio_mpeg, repo: "hexpm", optional: false]}, {:membrane_caps_audio_raw, "~> 0.3.0", [hex: :membrane_caps_audio_raw, repo: "hexpm", optional: false]}, {:membrane_common_c, "~> 0.5.0", [hex: :membrane_common_c, repo: "hexpm", optional: false]}, {:membrane_core, "~> 0.6.0", [hex: :membrane_core, repo: "hexpm", optional: false]}, {:unifex, "~> 0.3.2", [hex: :unifex, repo: "hexpm", optional: false]}], "hexpm", "b2c2e91744453b4efb000ac6e756718a23f31b42c020f031e68a4e4be8e9de5d"},
  "membrane_opus_format": {:hex, :membrane_opus_format, "0.3.0", "3804d9916058b7cfa2baa0131a644d8186198d64f52d592ae09e0942513cb4c2", [:mix], [], "hexpm", "8fc89c97be50de23ded15f2050fe603dcce732566fe6fdd15a2de01cb6b81afe"},
  "membrane_opus_plugin": {:hex, :membrane_opus_plugin, "0.2.1", "a391236af69686bcf88fabb3ccb5a2589aa8f88d47b0f7c360f26fa2cee3907a", [:mix], [{:membrane_caps_audio_raw, "~> 0.3.0", [hex: :membrane_caps_audio_raw, repo: "hexpm", optional: false]}, {:membrane_common_c, "~> 0.5.0", [hex: :membrane_common_c, repo: "hexpm", optional: false]}, {:membrane_core, "~> 0.6.0", [hex: :membrane_core, repo: "hexpm", optional: false]}, {:membrane_opus_format, "~> 0.3.0", [hex: :membrane_opus_format, repo: "hexpm", optional: false]}, {:membrane_remote_stream_format, "~> 0.1.0", [hex: :membrane_remote_stream_format, repo: "hexpm", optional: false]}, {:unifex, "~> 0.3.2", [hex: :unifex, repo: "hexpm", optional: false]}], "hexpm", "32144eabb532a5362fe30c92a0d06d68731b63fc7496ccf5ec5e69407bbadf69"},
  "membrane_portaudio_plugin": {:hex, :membrane_portaudio_plugin, "0.5.1", "a53a21677cc55db4fe2ea9c546dbced7ad3d9d9eec29ea3cb532ce55d8be8322", [:mix], [{:bunch, "~> 1.3.0", [hex: :bunch, repo: "hexpm", optional: false]}, {:bundlex, "~> 0.4.0", [hex: :bundlex, repo: "hexpm", optional: false]}, {:membrane_caps_audio_raw, "~> 0.3.0", [hex: :membrane_caps_audio_raw, repo: "hexpm", optional: false]}, {:membrane_common_c, "~> 0.5.0", [hex: :membrane_common_c, repo: "hexpm", optional: false]}, {:membrane_core, "~> 0.6.0", [hex: :membrane_core, repo: "hexpm", optional: false]}, {:mockery, "~> 2.1", [hex: :mockery, repo: "hexpm", optional: false]}, {:unifex, "~> 0.3.2", [hex: :unifex, repo: "hexpm", optional: false]}], "hexpm", "595038c295466f358157bdfd0f9939ab20ecefbedfca41ee3582efe3f3791b5e"},
  "membrane_realtimer_plugin": {:hex, :membrane_realtimer_plugin, "0.1.1", "19dc1f4665d029dcd3b2f9d0cf8ee611190e0c1c388a6bb74598d1c1e3a25a5d", [:mix], [{:membrane_core, "~> 0.6.1", [hex: :membrane_core, repo: "hexpm", optional: false]}], "hexpm", "ad934a4a8d0aa1982d83645c4ed73b0a84342499ad0d946fa5293a8c091d9afa"},
  "membrane_remote_stream_format": {:hex, :membrane_remote_stream_format, "0.1.0", "2cedb6facd7f4185fc7c0e7c83a614483f98ef1e8d36f4ed5939c935768eb95d", [:mix], [], "hexpm", "a6f01aa51766fe92e12d2cb720176fcff6d2485fb563e51002d8f9ef9a90f894"},
  "membrane_rtp_format": {:hex, :membrane_rtp_format, "0.3.1", "c6920fdb58660d90e264fcf3587dbb5994fb2f3643d234e59608c82598baebaf", [:mix], [], "hexpm", "d225f453715d165ded7dcb287c45360a4d653ac4a6d3ff70b4acdd244c45fa84"},
  "membrane_rtp_h264_plugin": {:hex, :membrane_rtp_h264_plugin, "0.4.1", "87f0fdf7381e1aa2263aba11e9a2bc1f25e6de7f6a4ddafdea4a6e750f1d0b02", [:mix], [{:bunch, "~> 1.2", [hex: :bunch, repo: "hexpm", optional: false]}, {:membrane_caps_video_h264, "~> 0.2.0", [hex: :membrane_caps_video_h264, repo: "hexpm", optional: false]}, {:membrane_core, "~> 0.6.0", [hex: :membrane_core, repo: "hexpm", optional: false]}, {:membrane_remote_stream_format, "~> 0.1.0", [hex: :membrane_remote_stream_format, repo: "hexpm", optional: false]}, {:membrane_rtp_format, "~> 0.3.0", [hex: :membrane_rtp_format, repo: "hexpm", optional: false]}], "hexpm", "041c0ec59afd65273eca1b4ba7528b09cc1556f6cff153f30eb3ce87c9bdf19a"},
  "membrane_rtp_opus_plugin": {:hex, :membrane_rtp_opus_plugin, "0.2.0", "f6435226fed8c25e3e682077ced20d78dd90d93556add7efafaf239d7d464b98", [:mix], [{:membrane_core, "~> 0.6.0", [hex: :membrane_core, repo: "hexpm", optional: false]}, {:membrane_opus_format, "~> 0.3.0", [hex: :membrane_opus_format, repo: "hexpm", optional: false]}, {:membrane_remote_stream_format, "~> 0.1.0", [hex: :membrane_remote_stream_format, repo: "hexpm", optional: false]}, {:membrane_rtp_format, "~> 0.3.0", [hex: :membrane_rtp_format, repo: "hexpm", optional: false]}], "hexpm", "f716633a3b038689212bd536814eff21abb8b38ab941581e5c079985ae0f3282"},
  "membrane_rtp_plugin": {:hex, :membrane_rtp_plugin, "0.5.0", "36be1d3ca9d4aa0b387afcea440863f4ac6ca5ffa436433bc3b77ecef0252052", [:mix], [{:bunch, "~> 1.0", [hex: :bunch, repo: "hexpm", optional: false]}, {:ex_libsrtp, "~> 0.1.0", [hex: :ex_libsrtp, repo: "hexpm", optional: true]}, {:heap, "~> 2.0.2", [hex: :heap, repo: "hexpm", optional: false]}, {:membrane_core, "~> 0.6.1", [hex: :membrane_core, repo: "hexpm", optional: false]}, {:membrane_remote_stream_format, "~> 0.1.0", [hex: :membrane_remote_stream_format, repo: "hexpm", optional: false]}, {:membrane_rtp_format, "~> 0.3.1", [hex: :membrane_rtp_format, repo: "hexpm", optional: false]}], "hexpm", "971216baa3ac49b86588935125016b3f758cbcf8561787d7742a7f15b9e5a90a"},
  "membrane_sdl_plugin": {:hex, :membrane_sdl_plugin, "0.5.0", "1c259bea7e692a2ac09c0d3dea4a40c3fffd44581bb12db83d099e830ec1e789", [:mix], [{:membrane_caps_video_raw, "~> 0.1.0", [hex: :membrane_caps_video_raw, repo: "hexpm", optional: false]}, {:membrane_common_c, "~> 0.5.0", [hex: :membrane_common_c, repo: "hexpm", optional: false]}, {:membrane_core, "~> 0.6.0", [hex: :membrane_core, repo: "hexpm", optional: false]}, {:unifex, "~> 0.3.2", [hex: :unifex, repo: "hexpm", optional: false]}], "hexpm", "fdf7494a8ec1e74ea3acd60d8e521541b1d11fe84e3823216adcf236532e08f6"},
  "metrics": {:hex, :metrics, "1.0.1", "25f094dea2cda98213cecc3aeff09e940299d950904393b2a29d191c346a8486", [:rebar3], [], "hexpm", "69b09adddc4f74a40716ae54d140f93beb0fb8978d8636eaded0c31b6f099f16"},
  "mimerl": {:hex, :mimerl, "1.2.0", "67e2d3f571088d5cfd3e550c383094b47159f3eee8ffa08e64106cdf5e981be3", [:rebar3], [], "hexpm", "f278585650aa581986264638ebf698f8bb19df297f66ad91b18910dfc6e19323"},
  "mockery": {:hex, :mockery, "2.3.1", "a02fd60b10ac9ed37a7a2ecf6786c1f1dd5c75d2b079a60594b089fba32dc087", [:mix], [], "hexpm", "1d0971d88ebf084e962da3f2cfee16f0ea8e04ff73a7710428500d4500b947fa"},
  "numbers": {:hex, :numbers, "5.2.4", "f123d5bb7f6acc366f8f445e10a32bd403c8469bdbce8ce049e1f0972b607080", [:mix], [{:coerce, "~> 1.0", [hex: :coerce, repo: "hexpm", optional: false]}, {:decimal, "~> 1.9 or ~> 2.0", [hex: :decimal, repo: "hexpm", optional: true]}], "hexpm", "eeccf5c61d5f4922198395bf87a465b6f980b8b862dd22d28198c5e6fab38582"},
  "parse_trans": {:hex, :parse_trans, "3.3.1", "16328ab840cc09919bd10dab29e431da3af9e9e7e7e6f0089dd5a2d2820011d8", [:rebar3], [], "hexpm", "07cd9577885f56362d414e8c4c4e6bdf10d43a8767abb92d24cbe8b24c54888b"},
  "qex": {:hex, :qex, "0.5.0", "5a3a9becf67d4006377c4c247ffdaaa8ae5b3634a0caadb788dc24d6125068f4", [:mix], [], "hexpm", "4ad6f6421163cd8204509a119a5c9813cbb969cfb8d802a9dc49b968bffbac2a"},
  "ratio": {:hex, :ratio, "2.4.2", "c8518f3536d49b1b00d88dd20d49f8b11abb7819638093314a6348139f14f9f9", [:mix], [{:decimal, "~> 1.6 or ~> 2.0", [hex: :decimal, repo: "hexpm", optional: true]}, {:numbers, "~> 5.2.0", [hex: :numbers, repo: "hexpm", optional: false]}], "hexpm", "441ef6f73172a3503de65ccf1769030997b0d533b1039422f1e5e0e0b4cbf89e"},
  "secure_random": {:hex, :secure_random, "0.5.1", "c5532b37c89d175c328f5196a0c2a5680b15ebce3e654da37129a9fe40ebf51b", [:mix], [], "hexpm", "1b9754f15e3940a143baafd19da12293f100044df69ea12db5d72878312ae6ab"},
  "shmex": {:hex, :shmex, "0.3.0", "5b995fa0bba3ff48fb9a93fdd116f5e6f7c0012da00775564a8d29d199618b8c", [:mix], [{:bunch_native, "~> 0.3.0", [hex: :bunch_native, repo: "hexpm", optional: false]}, {:bundlex, "~> 0.4.0", [hex: :bundlex, repo: "hexpm", optional: false]}], "hexpm", "05b2cc456eb549bd40a53bf641c47008acba0185f25c1906b934b0b91c36f1c4"},
  "ssl_verify_fun": {:hex, :ssl_verify_fun, "1.1.6", "cf344f5692c82d2cd7554f5ec8fd961548d4fd09e7d22f5b62482e5aeaebd4b0", [:make, :mix, :rebar3], [], "hexpm", "bdb0d2471f453c88ff3908e7686f86f9be327d065cc1ec16fa4540197ea04680"},
  "telemetry": {:hex, :telemetry, "0.4.3", "a06428a514bdbc63293cd9a6263aad00ddeb66f608163bdec7c8995784080818", [:rebar3], [], "hexpm", "eb72b8365ffda5bed68a620d1da88525e326cb82a75ee61354fc24b844768041"},
  "unicode_util_compat": {:hex, :unicode_util_compat, "0.7.0", "bc84380c9ab48177092f43ac89e4dfa2c6d62b40b8bd132b1059ecc7232f9a78", [:rebar3], [], "hexpm", "25eee6d67df61960cf6a794239566599b09e17e668d3700247bc498638152521"},
  "unifex": {:hex, :unifex, "0.3.3", "d2b671426bd9951cb739c1fff9ce1993b6a07d10ef741f9ae76fd8ecb7e72427", [:mix], [{:bunch, "~> 1.0", [hex: :bunch, repo: "hexpm", optional: false]}, {:bundlex, "~> 0.4.0", [hex: :bundlex, repo: "hexpm", optional: false]}, {:shmex, "~> 0.3.0", [hex: :shmex, repo: "hexpm", optional: false]}], "hexpm", "4527805864f93543dd3665abb8b7a61820f1362845ab0c3663f92e418e616a84"},
}
