{
  "name": "example-chat",
  "lockfileVersion": 2,
  "requires": true,
  "packages": {
    "": {
      "name": "example-chat",
      "dependencies": {
        "@dogehouse/kebab": "file:../..",
        "@types/node": "^14.14.35"
      },
      "devDependencies": {
        "dotenv": "^8.2.0",
        "typescript": "^4.2.3"
      }
    },
    "../..": {
      "name": "@dogehouse/kebab",
      "version": "0.2.8",
      "hasInstallScript": true,
      "license": "MIT",
      "dependencies": {
        "@types/uuid": "^8.3.0",
        "@types/ws": "^7.4.2",
        "isomorphic-unfetch": "^3.1.0",
        "isomorphic-ws": "^4.0.1",
        "mediasoup-client": "^3.6.30",
        "reconnecting-websocket": "^4.4.0",
        "uuid": "^8.3.2",
        "ws": "^7.4.5"
      },
      "devDependencies": {
        "@types/jest": "^26.0.23",
        "@typescript-eslint/eslint-plugin": "^4.22.0",
        "@typescript-eslint/parser": "^4.22.0",
        "eslint": "^7.25.0",
        "jest": "^26.6.3",
        "ts-jest": "^26.5.5",
        "typescript": "^4.2.4"
      }
    },
    "node_modules/@dogehouse/kebab": {
      "resolved": "../..",
      "link": true
    },
    "node_modules/@types/node": {
      "version": "14.14.37",
      "resolved": "https://registry.npmjs.org/@types/node/-/node-14.14.37.tgz",
      "integrity": "sha512-XYmBiy+ohOR4Lh5jE379fV2IU+6Jn4g5qASinhitfyO71b/sCo6MKsMLF5tc7Zf2CE8hViVQyYSobJNke8OvUw=="
    },
    "node_modules/dotenv": {
      "version": "8.2.0",
      "resolved": "https://registry.npmjs.org/dotenv/-/dotenv-8.2.0.tgz",
      "integrity": "sha512-8sJ78ElpbDJBHNeBzUbUVLsqKdccaa/BXF1uPTw3GrvQTBgrQrtObr2mUrE38vzYd8cEv+m/JBfDLioYcfXoaw==",
      "dev": true,
      "engines": {
        "node": ">=8"
      }
    },
    "node_modules/typescript": {
      "version": "4.2.3",
      "resolved": "https://registry.npmjs.org/typescript/-/typescript-4.2.3.tgz",
      "integrity": "sha512-qOcYwxaByStAWrBf4x0fibwZvMRG+r4cQoTjbPtUlrWjBHbmCAww1i448U0GJ+3cNNEtebDteo/cHOR3xJ4wEw==",
      "dev": true,
      "bin": {
        "tsc": "bin/tsc",
        "tsserver": "bin/tsserver"
      },
      "engines": {
        "node": ">=4.2.0"
      }
    }
  },
  "dependencies": {
    "@dogehouse/kebab": {
      "version": "file:../..",
      "requires": {
        "@types/jest": "^26.0.23",
        "@types/uuid": "^8.3.0",
        "@types/ws": "^7.4.2",
        "@typescript-eslint/eslint-plugin": "^4.22.0",
        "@typescript-eslint/parser": "^4.22.0",
        "eslint": "^7.25.0",
        "isomorphic-unfetch": "^3.1.0",
        "isomorphic-ws": "^4.0.1",
        "jest": "^26.6.3",
        "mediasoup-client": "^3.6.30",
        "reconnecting-websocket": "^4.4.0",
        "ts-jest": "^26.5.5",
        "typescript": "^4.2.4",
        "uuid": "^8.3.2",
        "ws": "^7.4.5"
      }
    },
    "@types/node": {
      "version": "14.14.37",
      "resolved": "https://registry.npmjs.org/@types/node/-/node-14.14.37.tgz",
      "integrity": "sha512-XYmBiy+ohOR4Lh5jE379fV2IU+6Jn4g5qASinhitfyO71b/sCo6MKsMLF5tc7Zf2CE8hViVQyYSobJNke8OvUw=="
    },
    "dotenv": {
      "version": "8.2.0",
      "resolved": "https://registry.npmjs.org/dotenv/-/dotenv-8.2.0.tgz",
      "integrity": "sha512-8sJ78ElpbDJBHNeBzUbUVLsqKdccaa/BXF1uPTw3GrvQTBgrQrtObr2mUrE38vzYd8cEv+m/JBfDLioYcfXoaw==",
      "dev": true
    },
    "typescript": {
      "version": "4.2.3",
      "resolved": "https://registry.npmjs.org/typescript/-/typescript-4.2.3.tgz",
      "integrity": "sha512-qOcYwxaByStAWrBf4x0fibwZvMRG+r4cQoTjbPtUlrWjBHbmCAww1i448U0GJ+3cNNEtebDteo/cHOR3xJ4wEw==",
      "dev": true
    }
  }
}
