{
  "name": "example-chat",
  "lockfileVersion": 2,
  "requires": true,
  "packages": {
    "": {
      "name": "example-chat",
      "dependencies": {
        "@dogehouse/client": "file:../.."
      },
      "devDependencies": {
        "dotenv": "^8.2.0"
      }
    },
    "../..": {
      "name": "@dogehouse/client",
      "version": "0.1.2",
      "license": "MIT",
      "dependencies": {
        "isomorphic-ws": "^4.0.1",
        "reconnecting-websocket": "^4.4.0",
        "uuid": "^8.3.2",
        "ws": "^7.4.4"
      },
      "devDependencies": {
        "@types/node": "^14.14.34",
        "@types/uuid": "^8.3.0",
        "@types/ws": "^7.4.0",
        "typescript": "^4.2.3"
      }
    },
    "node_modules/@dogehouse/client": {
      "resolved": "../..",
      "link": true
    },
    "node_modules/dotenv": {
      "version": "8.2.0",
      "resolved": "https://registry.npmjs.org/dotenv/-/dotenv-8.2.0.tgz",
      "integrity": "sha512-8sJ78ElpbDJBHNeBzUbUVLsqKdccaa/BXF1uPTw3GrvQTBgrQrtObr2mUrE38vzYd8cEv+m/JBfDLioYcfXoaw==",
      "dev": true,
      "engines": {
        "node": ">=8"
      }
    }
  },
  "dependencies": {
    "@dogehouse/client": {
      "version": "file:../..",
      "requires": {
        "@types/node": "^14.14.34",
        "@types/uuid": "^8.3.0",
        "@types/ws": "^7.4.0",
        "isomorphic-ws": "^4.0.1",
        "reconnecting-websocket": "^4.4.0",
        "typescript": "^4.2.3",
        "uuid": "^8.3.2",
        "ws": "^7.4.4"
      }
    },
    "dotenv": {
      "version": "8.2.0",
      "resolved": "https://registry.npmjs.org/dotenv/-/dotenv-8.2.0.tgz",
      "integrity": "sha512-8sJ78ElpbDJBHNeBzUbUVLsqKdccaa/BXF1uPTw3GrvQTBgrQrtObr2mUrE38vzYd8cEv+m/JBfDLioYcfXoaw==",
      "dev": true
    }
  }
}
