# This file is generated by running "yarn install" inside your project.
# Manual changes might be lost - proceed with caution!

__metadata:
  version: 4
  cacheKey: 7

"@dogehouse/kebab@file:../..::locator=create-bot%40workspace%3A.":
  version: 0.3.4
  resolution: "@dogehouse/kebab@file:../..#../..::hash=6026a5&locator=create-bot%40workspace%3A."
  dependencies:
    "@types/uuid": ^8.3.0
    "@types/ws": ^7.4.2
    isomorphic-unfetch: ^3.1.0
    isomorphic-ws: ^4.0.1
    mediasoup-client: ^3.6.30
    reconnecting-websocket: ^4.4.0
    uuid: ^8.3.2
    ws: ^7.4.5
  checksum: f84382fecf71191ea7020ff2f32a0f016b0a1dcdb8ab30b83dd46af4ebc704a697c424e15f0b1f6cbc6826783e1183d3b7ca4d1259451de5d959eb0894c06d64
  languageName: node
  linkType: hard

"@types/debug@npm:^4.1.5":
  version: 4.1.5
  resolution: "@types/debug@npm:4.1.5"
  checksum: 416ad24bc589be0fb8c78bea972aa7d4ffdf6b136239701b1792674463b2dbf8c6707f6055ec484f79ec1f2b528ffef90c87e55df7e4a0f458184cad5bf0cfc8
  languageName: node
  linkType: hard

"@types/events@npm:^3.0.0":
  version: 3.0.0
  resolution: "@types/events@npm:3.0.0"
  checksum: 1407d79d6d5291caa89f27ef0f180eb133bc5a12f11886bd68f9ef9cffb962a575571d1b4d02d30a7329fe9b85d29b7c10543ed6dc516ad20f9a1e89c1e9c9b8
  languageName: node
  linkType: hard

"@types/node@npm:*":
  version: 15.0.3
  resolution: "@types/node@npm:15.0.3"
  checksum: 72bfbac4282443a7b5d5b43c7c39fe855aa1687b5fa5629b735fd2ceacf371b711ccfc956c8af1b1cbd9c74c79be845a801a4c7275048f340aa0df3beec6b10f
  languageName: node
  linkType: hard

"@types/node@npm:^14.14.35":
  version: 14.14.45
  resolution: "@types/node@npm:14.14.45"
  checksum: b9ad381a8cc5273bfd75d5870f57eed2b0978a5afe9e7e0347fcdb955e9fed502277a374c2837c3e1fe6a7ade58d53a460d954dbbe50e2f18bdd7e86075ffca9
  languageName: node
  linkType: hard

"@types/uuid@npm:^8.3.0":
  version: 8.3.0
  resolution: "@types/uuid@npm:8.3.0"
  checksum: 620985aed8fdb4aed153daca5235f4303457a67a4d181efac0021712eabd9edd7e88895f79730c0e651effde7633b1b61e49a81519ac8d4e75019d2ac9b6412f
  languageName: node
  linkType: hard

"@types/ws@npm:^7.4.2":
  version: 7.4.4
  resolution: "@types/ws@npm:7.4.4"
  dependencies:
    "@types/node": "*"
  checksum: 6a02b3164250813510c5e73998a2bbca1fb98dc23428d70c2c6d664dfbac3fde32cd8d4eb34c335a0221f49a6f02d71b09645b236b01de1aea85f80352f67e1f
  languageName: node
  linkType: hard

"awaitqueue@npm:^2.3.3":
  version: 2.3.3
  resolution: "awaitqueue@npm:2.3.3"
  checksum: d37ecc4147f18baa9724d4bde2fc091f4cc9afeda4044c26225ed522348b423ec82a7f19fca03c5657611e65b3d9ef04448328d526efb956e83a64b20ce92cd3
  languageName: node
  linkType: hard

"bowser@npm:^2.11.0":
  version: 2.11.0
  resolution: "bowser@npm:2.11.0"
  checksum: d51e10d18909b7d01dd58c35466c63d419d503acda732ea6ca6a80c9cdc5c1bbf7c77abfcf620f75bba62521048292faec6d27b7e92f44bcd82b5f89bf46052f
  languageName: node
  linkType: hard

"create-bot@workspace:.":
  version: 0.0.0-use.local
  resolution: "create-bot@workspace:."
  dependencies:
    "@dogehouse/kebab": "file:../.."
    "@types/node": ^14.14.35
    dotenv: ^8.2.0
    typescript: ^4.2.3
  languageName: unknown
  linkType: soft

"debug@npm:^4.1.1, debug@npm:^4.3.1":
  version: 4.3.2
  resolution: "debug@npm:4.3.2"
  dependencies:
    ms: 2.1.2
  peerDependenciesMeta:
    supports-color:
      optional: true
  checksum: 5543570879e2274f6725d4285a034d6e0822d35faefc6f55965933fb440e8c21eb3a0bef934e66f4b6b491f898ee2de37cab980e9d4fd61372136c19d3ce4527
  languageName: node
  linkType: hard

"dotenv@npm:^8.2.0":
  version: 8.6.0
  resolution: "dotenv@npm:8.6.0"
  checksum: f4649999a157061dd169118f459d88db56380b2eef68e87fa9de7201796e5f6d94fa337658d7e148f404b48652a0eefe11222d9eba0cd464497911ae56cd6f93
  languageName: node
  linkType: hard

"events@npm:^3.3.0":
  version: 3.3.0
  resolution: "events@npm:3.3.0"
  checksum: 56fa12567013e85b98782a1d971442ea29df057129d8a94432711fd68303357594ea37bfbe234860e28581a7768f943a8bea88c16b48aa01b96acf804bc01d52
  languageName: node
  linkType: hard

"h264-profile-level-id@npm:^1.0.1":
  version: 1.0.1
  resolution: "h264-profile-level-id@npm:1.0.1"
  dependencies:
    debug: ^4.1.1
  checksum: 9195849f8d0a4c9431bd6807af0d8dca86b62fabaf42598a321e005d8a0a43ff0843a69453ac07e4aaa0d48eb5c61daeeb05d4de5681982e9ee7db612b01d81a
  languageName: node
  linkType: hard

"has-flag@npm:^4.0.0":
  version: 4.0.0
  resolution: "has-flag@npm:4.0.0"
  checksum: 2e5391139d3d287231ccb58659702392f6e3abeac3296fb4721afaff46493f3d9b99a9329ae015dfe973aa206ed5c75f43e86aec0267dce79aa5c2b6e811b3ad
  languageName: node
  linkType: hard

"isomorphic-unfetch@npm:^3.1.0":
  version: 3.1.0
  resolution: "isomorphic-unfetch@npm:3.1.0"
  dependencies:
    node-fetch: ^2.6.1
    unfetch: ^4.2.0
  checksum: 6453f52bfef7adbd59130b9e6727ccf6f80488920fa89b1294cba6ffc5736384fa7dfe49897b0ad48006044fbe52bc5b5d5b131c4ee33123646fd3b3813c4f15
  languageName: node
  linkType: hard

"isomorphic-ws@npm:^4.0.1":
  version: 4.0.1
  resolution: "isomorphic-ws@npm:4.0.1"
  peerDependencies:
    ws: "*"
  checksum: 9012eec8ea4070a5e1cde4d937cc51e0d3136e53029b4d9c53d551b777ec3f99e9b8d31884c50dcefe0c6d50dd3562d9470c2249c6ff72ebb00b27092adec537
  languageName: node
  linkType: hard

"mediasoup-client@npm:^3.6.30":
  version: 3.6.30
  resolution: "mediasoup-client@npm:3.6.30"
  dependencies:
    "@types/debug": ^4.1.5
    "@types/events": ^3.0.0
    awaitqueue: ^2.3.3
    bowser: ^2.11.0
    debug: ^4.3.1
    events: ^3.3.0
    h264-profile-level-id: ^1.0.1
    sdp-transform: ^2.14.1
    supports-color: ^8.1.1
  checksum: 3b59f86b11c7a0f69e3df005c5f5472e9408dde05e1a55f4a091c12770b59c871932931910bcf008c3d9693a7019baba19cead9897f1aa09e787dd8c6a29c76b
  languageName: node
  linkType: hard

"ms@npm:2.1.2":
  version: 2.1.2
  resolution: "ms@npm:2.1.2"
  checksum: 9b65fb709bc30c0c07289dcbdb61ca032acbb9ea5698b55fa62e2cebb04c5953f1876a1f3f7f4bc2e91d4bf4d86003f3e207c3bc6ee2f716f99827e62389cd0e
  languageName: node
  linkType: hard

"node-fetch@npm:^2.6.1":
  version: 2.6.1
  resolution: "node-fetch@npm:2.6.1"
  checksum: cbb171635e538162b977eac5dfe7a1e07a9a02e991924377a6435502291e2f823d306b95aabc455caebf4a118ccf836868462bc70ccc3095af02bb9da61fda37
  languageName: node
  linkType: hard

"reconnecting-websocket@npm:^4.4.0":
  version: 4.4.0
  resolution: "reconnecting-websocket@npm:4.4.0"
  checksum: f87b201847456c7e2cdffd5f283ca1ec4c08cb696ca46580c4443e16132d0e383ae29ce3bed5a590a4904df20345ef0093caa4e08c7b343cd6e9848428f3c67a
  languageName: node
  linkType: hard

"sdp-transform@npm:^2.14.1":
  version: 2.14.1
  resolution: "sdp-transform@npm:2.14.1"
  bin:
    sdp-verify: checker.js
  checksum: f533b4ac09255e6cb79a6942715e77b537e28111fc97b106819ed16ca9acaed1a49d5da47392bf63b3f72cb4ca5ad7d79dd1f4972633ad2863c3b2d7664e950a
  languageName: node
  linkType: hard

"supports-color@npm:^8.1.1":
  version: 8.1.1
  resolution: "supports-color@npm:8.1.1"
  dependencies:
    has-flag: ^4.0.0
  checksum: 0219f5c91753fea8dc8046cd4b18d39458b5dc0c6421c67c1072209faae9ba93b89283252e3b05d5c18901fd9f8b95001e3247fb93e2265f66d584a676522c75
  languageName: node
  linkType: hard

typescript@^4.2.3:
  version: 4.2.4
  resolution: "typescript@npm:4.2.4"
  bin:
    tsc: bin/tsc
    tsserver: bin/tsserver
  checksum: edaede2fa77f56b7fba80ee624a2368ab1216e75b0434d968ccb47ab0a5e2f6d94f848b3b111c1237dd71e988cd376af26370dcdad3b94355c76e759f0dd0a1e
  languageName: node
  linkType: hard

"typescript@patch:typescript@^4.2.3#builtin<compat/typescript>":
  version: 4.2.4
  resolution: "typescript@patch:typescript@npm%3A4.2.4#builtin<compat/typescript>::version=4.2.4&hash=a45b0e"
  bin:
    tsc: bin/tsc
    tsserver: bin/tsserver
  checksum: 3be44317593182e8ce494c114e7ad9b0bb2553a22f3085cc6da4f0a36912c20850daa9be4c898af2ab6fc8b12f430c1c9e46ac715721867cd38643f2350d3ef9
  languageName: node
  linkType: hard

"unfetch@npm:^4.2.0":
  version: 4.2.0
  resolution: "unfetch@npm:4.2.0"
  checksum: a1ec2f1d0fd6e0e9d46d659b6639dac490eefde4dcb5d9a060b78e380a543182bbdf395c7772685a023fb76c8e5d2c8b843f199d727c5f3af3cced88b3dcc741
  languageName: node
  linkType: hard

"uuid@npm:^8.3.2":
  version: 8.3.2
  resolution: "uuid@npm:8.3.2"
  bin:
    uuid: dist/bin/uuid
  checksum: aed2bcef341f95635f308fea8831fb9038b18c485fe7e71feb89d2e05602dfecad0cb6f2246fae096d4da425cca6e8a71056f28abd97ad98cf770a2018853248
  languageName: node
  linkType: hard

"ws@npm:^7.4.5":
  version: 7.4.5
  resolution: "ws@npm:7.4.5"
  peerDependencies:
    bufferutil: ^4.0.1
    utf-8-validate: ^5.0.2
  peerDependenciesMeta:
    bufferutil:
      optional: true
    utf-8-validate:
      optional: true
  checksum: 20731aa1075336b94677f6741b674469c3c7fce9b70115bb535827c7c108a9d714f0b38ce39289b63c652870f9801afaf096f8aab32da96be62d919e80e4ed32
  languageName: node
  linkType: hard
